
Microsoft Visual Studio Solution File, Format Version 11.00
# Visual Studio 2010
Project("{FAE04EC0-301F-11D3-BF4B-00C04F79EFBC}") = "Assembly-CSharp", "Assembly-CSharp.csproj", "{61F00B7C-FAAA-3E92-6E36-C2E3F6F24D0B}"
EndProject
Global
	GlobalSection(SolutionConfigurationPlatforms) = preSolution
		Debug|Any CPU = Debug|Any CPU
		Release|Any CPU = Release|Any CPU
	EndGlobalSection
	GlobalSection(ProjectConfigurationPlatforms) = postSolution
		{61F00B7C-FAAA-3E92-6E36-C2E3F6F24D0B}.Debug|Any CPU.ActiveCfg = Debug|Any CPU
		{61F00B7C-FAAA-3E92-6E36-C2E3F6F24D0B}.Debug|Any CPU.Build.0 = Debug|Any CPU
		{61F00B7C-FAAA-3E92-6E36-C2E3F6F24D0B}.Release|Any CPU.ActiveCfg = Release|Any CPU
		{61F00B7C-FAAA-3E92-6E36-C2E3F6F24D0B}.Release|Any CPU.Build.0 = Release|Any CPU
	EndGlobalSection
	GlobalSection(SolutionProperties) = preSolution
		HideSolutionNode = FALSE
	EndGlobalSection
	GlobalSection(MonoDevelopProperties) = preSolution
		StartupItem = Assembly-CSharp.csproj
	EndGlobalSection
EndGlobal
